
Microsoft Visual Studio Solution File, Format Version 12.00
# Visual Studio Version 16
VisualStudioVersion = 16.0.809.5
MinimumVisualStudioVersion = 10.0.40219.1
Project("{FAE04EC0-301F-11D3-BF4B-00C04F79EFBC}") = "RmcInsta", "RmcInsta\RmcInsta.csproj", "{54BDAFA9-C709-413D-89E7-6DE9A04BDDB7}"
EndProject
Global
	GlobalSection(SolutionConfigurationPlatforms) = preSolution
		Debug|Any CPU = Debug|Any CPU
		Release|Any CPU = Release|Any CPU
	EndGlobalSection
	GlobalSection(ProjectConfigurationPlatforms) = postSolution
		{54BDAFA9-C709-413D-89E7-6DE9A04BDDB7}.Debug|Any CPU.ActiveCfg = Debug|Any CPU
		{54BDAFA9-C709-413D-89E7-6DE9A04BDDB7}.Debug|Any CPU.Build.0 = Debug|Any CPU
		{54BDAFA9-C709-413D-89E7-6DE9A04BDDB7}.Release|Any CPU.ActiveCfg = Release|Any CPU
		{54BDAFA9-C709-413D-89E7-6DE9A04BDDB7}.Release|Any CPU.Build.0 = Release|Any CPU
	EndGlobalSection
	GlobalSection(SolutionProperties) = preSolution
		HideSolutionNode = FALSE
	EndGlobalSection
	GlobalSection(ExtensibilityGlobals) = postSolution
		SolutionGuid = {A82BA16E-10DB-4F45-874B-A67776AF7D3E}
	EndGlobalSection
EndGlobal
